
Microsoft Visual Studio Solution File, Format Version 12.00
# Visual Studio 15
VisualStudioVersion = 15.0.28010.2046
MinimumVisualStudioVersion = 10.0.40219.1
Project("{FAE04EC0-301F-11D3-BF4B-00C04F79EFBC}") = "Testy1", "Testy1\Testy1.csproj", "{20E34DCB-F12C-4997-BA4F-A795081DEF6C}"
EndProject
Global
	GlobalSection(SolutionConfigurationPlatforms) = preSolution
		Debug|Any CPU = Debug|Any CPU
		Release|Any CPU = Release|Any CPU
	EndGlobalSection
	GlobalSection(ProjectConfigurationPlatforms) = postSolution
		{20E34DCB-F12C-4997-BA4F-A795081DEF6C}.Debug|Any CPU.ActiveCfg = Debug|Any CPU
		{20E34DCB-F12C-4997-BA4F-A795081DEF6C}.Debug|Any CPU.Build.0 = Debug|Any CPU
		{20E34DCB-F12C-4997-BA4F-A795081DEF6C}.Release|Any CPU.ActiveCfg = Release|Any CPU
		{20E34DCB-F12C-4997-BA4F-A795081DEF6C}.Release|Any CPU.Build.0 = Release|Any CPU
	EndGlobalSection
	GlobalSection(SolutionProperties) = preSolution
		HideSolutionNode = FALSE
	EndGlobalSection
	GlobalSection(ExtensibilityGlobals) = postSolution
		SolutionGuid = {C874AF00-B8B7-48D9-B6B7-18917DEF66D4}
	EndGlobalSection
EndGlobal
